// !$*UTF8*$!
{
	archiveVersion = 1;
	classes = {
	};
	objectVersion = 55;
	objects = {

/* Begin PBXBuildFile section */
		111192932801E81B0035BD62 /* AppDelegate.swift in Sources */ = {isa = PBXBuildFile; fileRef = 111192922801E81B0035BD62 /* AppDelegate.swift */; };
		111192952801E81B0035BD62 /* SceneDelegate.swift in Sources */ = {isa = PBXBuildFile; fileRef = 111192942801E81B0035BD62 /* SceneDelegate.swift */; };
		111192972801E81B0035BD62 /* ViewController.swift in Sources */ = {isa = PBXBuildFile; fileRef = 111192962801E81B0035BD62 /* ViewController.swift */; };
		1111929A2801E81B0035BD62 /* Main.storyboard in Resources */ = {isa = PBXBuildFile; fileRef = 111192982801E81B0035BD62 /* Main.storyboard */; };
		1111929D2801E81B0035BD62 /* learn_coredata_todolist.xcdatamodeld in Sources */ = {isa = PBXBuildFile; fileRef = 1111929B2801E81B0035BD62 /* learn_coredata_todolist.xcdatamodeld */; };
		1111929F2801E81C0035BD62 /* Assets.xcassets in Resources */ = {isa = PBXBuildFile; fileRef = 1111929E2801E81C0035BD62 /* Assets.xcassets */; };
		111192A22801E81C0035BD62 /* LaunchScreen.storyboard in Resources */ = {isa = PBXBuildFile; fileRef = 111192A02801E81C0035BD62 /* LaunchScreen.storyboard */; };
		111192AB2801EC110035BD62 /* TodoListItem+CoreDataClass.swift in Sources */ = {isa = PBXBuildFile; fileRef = 111192A92801EC110035BD62 /* TodoListItem+CoreDataClass.swift */; };
		111192AC2801EC110035BD62 /* TodoListItem+CoreDataProperties.swift in Sources */ = {isa = PBXBuildFile; fileRef = 111192AA2801EC110035BD62 /* TodoListItem+CoreDataProperties.swift */; };
/* End PBXBuildFile section */

/* Begin PBXFileReference section */
		1111928F2801E81B0035BD62 /* learn-coredata-todolist.app */ = {isa = PBXFileReference; explicitFileType = wrapper.application; includeInIndex = 0; path = "learn-coredata-todolist.app"; sourceTree = BUILT_PRODUCTS_DIR; };
		111192922801E81B0035BD62 /* AppDelegate.swift */ = {isa = PBXFileReference; lastKnownFileType = sourcecode.swift; path = AppDelegate.swift; sourceTree = "<group>"; };
		111192942801E81B0035BD62 /* SceneDelegate.swift */ = {isa = PBXFileReference; lastKnownFileType = sourcecode.swift; path = SceneDelegate.swift; sourceTree = "<group>"; };
		111192962801E81B0035BD62 /* ViewController.swift */ = {isa = PBXFileReference; lastKnownFileType = sourcecode.swift; path = ViewController.swift; sourceTree = "<group>"; };
		111192992801E81B0035BD62 /* Base */ = {isa = PBXFileReference; lastKnownFileType = file.storyboard; name = Base; path = Base.lproj/Main.storyboard; sourceTree = "<group>"; };
		1111929C2801E81B0035BD62 /* learn_coredata_todolist.xcdatamodel */ = {isa = PBXFileReference; lastKnownFileType = wrapper.xcdatamodel; path = learn_coredata_todolist.xcdatamodel; sourceTree = "<group>"; };
		1111929E2801E81C0035BD62 /* Assets.xcassets */ = {isa = PBXFileReference; lastKnownFileType = folder.assetcatalog; path = Assets.xcassets; sourceTree = "<group>"; };
		111192A12801E81C0035BD62 /* Base */ = {isa = PBXFileReference; lastKnownFileType = file.storyboard; name = Base; path = Base.lproj/LaunchScreen.storyboard; sourceTree = "<group>"; };
		111192A32801E81C0035BD62 /* Info.plist */ = {isa = PBXFileReference; lastKnownFileType = text.plist.xml; path = Info.plist; sourceTree = "<group>"; };
		111192A92801EC110035BD62 /* TodoListItem+CoreDataClass.swift */ = {isa = PBXFileReference; lastKnownFileType = sourcecode.swift; path = "TodoListItem+CoreDataClass.swift"; sourceTree = "<group>"; };
		111192AA2801EC110035BD62 /* TodoListItem+CoreDataProperties.swift */ = {isa = PBXFileReference; lastKnownFileType = sourcecode.swift; path = "TodoListItem+CoreDataProperties.swift"; sourceTree = "<group>"; };
/* End PBXFileReference section */

/* Begin PBXFrameworksBuildPhase section */
		1111928C2801E81B0035BD62 /* Frameworks */ = {
			isa = PBXFrameworksBuildPhase;
			buildActionMask = 2147483647;
			files = (
			);
			runOnlyForDeploymentPostprocessing = 0;
		};
/* End PBXFrameworksBuildPhase section */

/* Begin PBXGroup section */
		111192862801E81B0035BD62 = {
			isa = PBXGroup;
			children = (
				111192912801E81B0035BD62 /* learn-coredata-todolist */,
				111192902801E81B0035BD62 /* Products */,
			);
			sourceTree = "<group>";
		};
		111192902801E81B0035BD62 /* Products */ = {
			isa = PBXGroup;
			children = (
				1111928F2801E81B0035BD62 /* learn-coredata-todolist.app */,
			);
			name = Products;
			sourceTree = "<group>";
		};
		111192912801E81B0035BD62 /* learn-coredata-todolist */ = {
			isa = PBXGroup;
			children = (
				111192AD2801EC1C0035BD62 /* TodoList */,
				111192922801E81B0035BD62 /* AppDelegate.swift */,
				111192942801E81B0035BD62 /* SceneDelegate.swift */,
				111192962801E81B0035BD62 /* ViewController.swift */,
				111192982801E81B0035BD62 /* Main.storyboard */,
				1111929E2801E81C0035BD62 /* Assets.xcassets */,
				111192A02801E81C0035BD62 /* LaunchScreen.storyboard */,
				111192A32801E81C0035BD62 /* Info.plist */,
				1111929B2801E81B0035BD62 /* learn_coredata_todolist.xcdatamodeld */,
			);
			path = "learn-coredata-todolist";
			sourceTree = "<group>";
		};
		111192AD2801EC1C0035BD62 /* TodoList */ = {
			isa = PBXGroup;
			children = (
				111192A92801EC110035BD62 /* TodoListItem+CoreDataClass.swift */,
				111192AA2801EC110035BD62 /* TodoListItem+CoreDataProperties.swift */,
			);
			path = TodoList;
			sourceTree = "<group>";
		};
/* End PBXGroup section */

/* Begin PBXNativeTarget section */
		1111928E2801E81B0035BD62 /* learn-coredata-todolist */ = {
			isa = PBXNativeTarget;
			buildConfigurationList = 111192A62801E81C0035BD62 /* Build configuration list for PBXNativeTarget "learn-coredata-todolist" */;
			buildPhases = (
				1111928B2801E81B0035BD62 /* Sources */,
				1111928C2801E81B0035BD62 /* Frameworks */,
				1111928D2801E81B0035BD62 /* Resources */,
			);
			buildRules = (
			);
			dependencies = (
			);
			name = "learn-coredata-todolist";
			productName = "learn-coredata-todolist";
			productReference = 1111928F2801E81B0035BD62 /* learn-coredata-todolist.app */;
			productType = "com.apple.product-type.application";
		};
/* End PBXNativeTarget section */

/* Begin PBXProject section */
		111192872801E81B0035BD62 /* Project object */ = {
			isa = PBXProject;
			attributes = {
				BuildIndependentTargetsInParallel = 1;
				LastSwiftUpdateCheck = 1330;
				LastUpgradeCheck = 1330;
				TargetAttributes = {
					1111928E2801E81B0035BD62 = {
						CreatedOnToolsVersion = 13.3;
					};
				};
			};
			buildConfigurationList = 1111928A2801E81B0035BD62 /* Build configuration list for PBXProject "learn-coredata-todolist" */;
			compatibilityVersion = "Xcode 13.0";
			developmentRegion = en;
			hasScannedForEncodings = 0;
			knownRegions = (
				en,
				Base,
			);
			mainGroup = 111192862801E81B0035BD62;
			productRefGroup = 111192902801E81B0035BD62 /* Products */;
			projectDirPath = "";
			projectRoot = "";
			targets = (
				1111928E2801E81B0035BD62 /* learn-coredata-todolist */,
			);
		};
/* End PBXProject section */

/* Begin PBXResourcesBuildPhase section */
		1111928D2801E81B0035BD62 /* Resources */ = {
			isa = PBXResourcesBuildPhase;
			buildActionMask = 2147483647;
			files = (
				111192A22801E81C0035BD62 /* LaunchScreen.storyboard in Resources */,
				1111929F2801E81C0035BD62 /* Assets.xcassets in Resources */,
				1111929A2801E81B0035BD62 /* Main.storyboard in Resources */,
			);
			runOnlyForDeploymentPostprocessing = 0;
		};
/* End PBXResourcesBuildPhase section */

/* Begin PBXSourcesBuildPhase section */
		1111928B2801E81B0035BD62 /* Sources */ = {
			isa = PBXSourcesBuildPhase;
			buildActionMask = 2147483647;
			files = (
				111192972801E81B0035BD62 /* ViewController.swift in Sources */,
				1111929D2801E81B0035BD62 /* learn_coredata_todolist.xcdatamodeld in Sources */,
				111192AB2801EC110035BD62 /* TodoListItem+CoreDataClass.swift in Sources */,
				111192932801E81B0035BD62 /* AppDelegate.swift in Sources */,
				111192AC2801EC110035BD62 /* TodoListItem+CoreDataProperties.swift in Sources */,
				111192952801E81B0035BD62 /* SceneDelegate.swift in Sources */,
			);
			runOnlyForDeploymentPostprocessing = 0;
		};
/* End PBXSourcesBuildPhase section */

/* Begin PBXVariantGroup section */
		111192982801E81B0035BD62 /* Main.storyboard */ = {
			isa = PBXVariantGroup;
			children = (
				111192992801E81B0035BD62 /* Base */,
			);
			name = Main.storyboard;
			sourceTree = "<group>";
		};
		111192A02801E81C0035BD62 /* LaunchScreen.storyboard */ = {
			isa = PBXVariantGroup;
			children = (
				111192A12801E81C0035BD62 /* Base */,
			);
			name = LaunchScreen.storyboard;
			sourceTree = "<group>";
		};
/* End PBXVariantGroup section */

/* Begin XCBuildConfiguration section */
		111192A42801E81C0035BD62 /* Debug */ = {
			isa = XCBuildConfiguration;
			buildSettings = {
				ALWAYS_SEARCH_USER_PATHS = NO;
				CLANG_ANALYZER_NONNULL = YES;
				CLANG_ANALYZER_NUMBER_OBJECT_CONVERSION = YES_AGGRESSIVE;
				CLANG_CXX_LANGUAGE_STANDARD = "gnu++17";
				CLANG_ENABLE_MODULES = YES;
				CLANG_ENABLE_OBJC_ARC = YES;
				CLANG_ENABLE_OBJC_WEAK = YES;
				CLANG_WARN_BLOCK_CAPTURE_AUTORELEASING = YES;
				CLANG_WARN_BOOL_CONVERSION = YES;
				CLANG_WARN_COMMA = YES;
				CLANG_WARN_CONSTANT_CONVERSION = YES;
				CLANG_WARN_DEPRECATED_OBJC_IMPLEMENTATIONS = YES;
				CLANG_WARN_DIRECT_OBJC_ISA_USAGE = YES_ERROR;
				CLANG_WARN_DOCUMENTATION_COMMENTS = YES;
				CLANG_WARN_EMPTY_BODY = YES;
				CLANG_WARN_ENUM_CONVERSION = YES;
				CLANG_WARN_INFINITE_RECURSION = YES;
				CLANG_WARN_INT_CONVERSION = YES;
				CLANG_WARN_NON_LITERAL_NULL_CONVERSION = YES;
				CLANG_WARN_OBJC_IMPLICIT_RETAIN_SELF = YES;
				CLANG_WARN_OBJC_LITERAL_CONVERSION = YES;
				CLANG_WARN_OBJC_ROOT_CLASS = YES_ERROR;
				CLANG_WARN_QUOTED_INCLUDE_IN_FRAMEWORK_HEADER = YES;
				CLANG_WARN_RANGE_LOOP_ANALYSIS = YES;
				CLANG_WARN_STRICT_PROTOTYPES = YES;
				CLANG_WARN_SUSPICIOUS_MOVE = YES;
				CLANG_WARN_UNGUARDED_AVAILABILITY = YES_AGGRESSIVE;
				CLANG_WARN_UNREACHABLE_CODE = YES;
				CLANG_WARN__DUPLICATE_METHOD_MATCH = YES;
				COPY_PHASE_STRIP = NO;
				DEBUG_INFORMATION_FORMAT = dwarf;
				ENABLE_STRICT_OBJC_MSGSEND = YES;
				ENABLE_TESTABILITY = YES;
				GCC_C_LANGUAGE_STANDARD = gnu11;
				GCC_DYNAMIC_NO_PIC = NO;
				GCC_NO_COMMON_BLOCKS = YES;
				GCC_OPTIMIZATION_LEVEL = 0;
				GCC_PREPROCESSOR_DEFINITIONS = (
					"DEBUG=1",
					"$(inherited)",
				);
				GCC_WARN_64_TO_32_BIT_CONVERSION = YES;
				GCC_WARN_ABOUT_RETURN_TYPE = YES_ERROR;
				GCC_WARN_UNDECLARED_SELECTOR = YES;
				GCC_WARN_UNINITIALIZED_AUTOS = YES_AGGRESSIVE;
				GCC_WARN_UNUSED_FUNCTION = YES;
				GCC_WARN_UNUSED_VARIABLE = YES;
				IPHONEOS_DEPLOYMENT_TARGET = 15.4;
				MTL_ENABLE_DEBUG_INFO = INCLUDE_SOURCE;
				MTL_FAST_MATH = YES;
				ONLY_ACTIVE_ARCH = YES;
				SDKROOT = iphoneos;
				SWIFT_ACTIVE_COMPILATION_CONDITIONS = DEBUG;
				SWIFT_OPTIMIZATION_LEVEL = "-Onone";
			};
			name = Debug;
		};
		111192A52801E81C0035BD62 /* Release */ = {
			isa = XCBuildConfiguration;
			buildSettings = {
				ALWAYS_SEARCH_USER_PATHS = NO;
				CLANG_ANALYZER_NONNULL = YES;
				CLANG_ANALYZER_NUMBER_OBJECT_CONVERSION = YES_AGGRESSIVE;
				CLANG_CXX_LANGUAGE_STANDARD = "gnu++17";
				CLANG_ENABLE_MODULES = YES;
				CLANG_ENABLE_OBJC_ARC = YES;
				CLANG_ENABLE_OBJC_WEAK = YES;
				CLANG_WARN_BLOCK_CAPTURE_AUTORELEASING = YES;
				CLANG_WARN_BOOL_CONVERSION = YES;
				CLANG_WARN_COMMA = YES;
				CLANG_WARN_CONSTANT_CONVERSION = YES;
				CLANG_WARN_DEPRECATED_OBJC_IMPLEMENTATIONS = YES;
				CLANG_WARN_DIRECT_OBJC_ISA_USAGE = YES_ERROR;
				CLANG_WARN_DOCUMENTATION_COMMENTS = YES;
				CLANG_WARN_EMPTY_BODY = YES;
				CLANG_WARN_ENUM_CONVERSION = YES;
				CLANG_WARN_INFINITE_RECURSION = YES;
				CLANG_WARN_INT_CONVERSION = YES;
				CLANG_WARN_NON_LITERAL_NULL_CONVERSION = YES;
				CLANG_WARN_OBJC_IMPLICIT_RETAIN_SELF = YES;
				CLANG_WARN_OBJC_LITERAL_CONVERSION = YES;
				CLANG_WARN_OBJC_ROOT_CLASS = YES_ERROR;
				CLANG_WARN_QUOTED_INCLUDE_IN_FRAMEWORK_HEADER = YES;
				CLANG_WARN_RANGE_LOOP_ANALYSIS = YES;
				CLANG_WARN_STRICT_PROTOTYPES = YES;
				CLANG_WARN_SUSPICIOUS_MOVE = YES;
				CLANG_WARN_UNGUARDED_AVAILABILITY = YES_AGGRESSIVE;
				CLANG_WARN_UNREACHABLE_CODE = YES;
				CLANG_WARN__DUPLICATE_METHOD_MATCH = YES;
				COPY_PHASE_STRIP = NO;
				DEBUG_INFORMATION_FORMAT = "dwarf-with-dsym";
				ENABLE_NS_ASSERTIONS = NO;
				ENABLE_STRICT_OBJC_MSGSEND = YES;
				GCC_C_LANGUAGE_STANDARD = gnu11;
				GCC_NO_COMMON_BLOCKS = YES;
				GCC_WARN_64_TO_32_BIT_CONVERSION = YES;
				GCC_WARN_ABOUT_RETURN_TYPE = YES_ERROR;
				GCC_WARN_UNDECLARED_SELECTOR = YES;
				GCC_WARN_UNINITIALIZED_AUTOS = YES_AGGRESSIVE;
				GCC_WARN_UNUSED_FUNCTION = YES;
				GCC_WARN_UNUSED_VARIABLE = YES;
				IPHONEOS_DEPLOYMENT_TARGET = 15.4;
				MTL_ENABLE_DEBUG_INFO = NO;
				MTL_FAST_MATH = YES;
				SDKROOT = iphoneos;
				SWIFT_COMPILATION_MODE = wholemodule;
				SWIFT_OPTIMIZATION_LEVEL = "-O";
				VALIDATE_PRODUCT = YES;
			};
			name = Release;
		};
		111192A72801E81C0035BD62 /* Debug */ = {
			isa = XCBuildConfiguration;
			buildSettings = {
				ASSETCATALOG_COMPILER_APPICON_NAME = AppIcon;
				ASSETCATALOG_COMPILER_GLOBAL_ACCENT_COLOR_NAME = AccentColor;
				CODE_SIGN_STYLE = Automatic;
				CURRENT_PROJECT_VERSION = 1;
				GENERATE_INFOPLIST_FILE = YES;
				INFOPLIST_FILE = "learn-coredata-todolist/Info.plist";
				INFOPLIST_KEY_UIApplicationSupportsIndirectInputEvents = YES;
				INFOPLIST_KEY_UILaunchStoryboardName = LaunchScreen;
				INFOPLIST_KEY_UIMainStoryboardFile = Main;
				INFOPLIST_KEY_UISupportedInterfaceOrientations_iPad = "UIInterfaceOrientationPortrait UIInterfaceOrientationPortraitUpsideDown UIInterfaceOrientationLandscapeLeft UIInterfaceOrientationLandscapeRight";
				INFOPLIST_KEY_UISupportedInterfaceOrientations_iPhone = "UIInterfaceOrientationPortrait UIInterfaceOrientationLandscapeLeft UIInterfaceOrientationLandscapeRight";
				LD_RUNPATH_SEARCH_PATHS = (
					"$(inherited)",
					"@executable_path/Frameworks",
				);
				MARKETING_VERSION = 1.0;
				PRODUCT_BUNDLE_IDENTIFIER = "com.theodorusclarence.learn-coredata-todolist";
				PRODUCT_NAME = "$(TARGET_NAME)";
				SWIFT_EMIT_LOC_STRINGS = YES;
				SWIFT_VERSION = 5.0;
				TARGETED_DEVICE_FAMILY = "1,2";
			};
			name = Debug;
		};
		111192A82801E81C0035BD62 /* Release */ = {
			isa = XCBuildConfiguration;
			buildSettings = {
				ASSETCATALOG_COMPILER_APPICON_NAME = AppIcon;
				ASSETCATALOG_COMPILER_GLOBAL_ACCENT_COLOR_NAME = AccentColor;
				CODE_SIGN_STYLE = Automatic;
				CURRENT_PROJECT_VERSION = 1;
				GENERATE_INFOPLIST_FILE = YES;
				INFOPLIST_FILE = "learn-coredata-todolist/Info.plist";
				INFOPLIST_KEY_UIApplicationSupportsIndirectInputEvents = YES;
				INFOPLIST_KEY_UILaunchStoryboardName = LaunchScreen;
				INFOPLIST_KEY_UIMainStoryboardFile = Main;
				INFOPLIST_KEY_UISupportedInterfaceOrientations_iPad = "UIInterfaceOrientationPortrait UIInterfaceOrientationPortraitUpsideDown UIInterfaceOrientationLandscapeLeft UIInterfaceOrientationLandscapeRight";
				INFOPLIST_KEY_UISupportedInterfaceOrientations_iPhone = "UIInterfaceOrientationPortrait UIInterfaceOrientationLandscapeLeft UIInterfaceOrientationLandscapeRight";
				LD_RUNPATH_SEARCH_PATHS = (
					"$(inherited)",
					"@executable_path/Frameworks",
				);
				MARKETING_VERSION = 1.0;
				PRODUCT_BUNDLE_IDENTIFIER = "com.theodorusclarence.learn-coredata-todolist";
				PRODUCT_NAME = "$(TARGET_NAME)";
				SWIFT_EMIT_LOC_STRINGS = YES;
				SWIFT_VERSION = 5.0;
				TARGETED_DEVICE_FAMILY = "1,2";
			};
			name = Release;
		};
/* End XCBuildConfiguration section */

/* Begin XCConfigurationList section */
		1111928A2801E81B0035BD62 /* Build configuration list for PBXProject "learn-coredata-todolist" */ = {
			isa = XCConfigurationList;
			buildConfigurations = (
				111192A42801E81C0035BD62 /* Debug */,
				111192A52801E81C0035BD62 /* Release */,
			);
			defaultConfigurationIsVisible = 0;
			defaultConfigurationName = Release;
		};
		111192A62801E81C0035BD62 /* Build configuration list for PBXNativeTarget "learn-coredata-todolist" */ = {
			isa = XCConfigurationList;
			buildConfigurations = (
				111192A72801E81C0035BD62 /* Debug */,
				111192A82801E81C0035BD62 /* Release */,
			);
			defaultConfigurationIsVisible = 0;
			defaultConfigurationName = Release;
		};
/* End XCConfigurationList section */

/* Begin XCVersionGroup section */
		1111929B2801E81B0035BD62 /* learn_coredata_todolist.xcdatamodeld */ = {
			isa = XCVersionGroup;
			children = (
				1111929C2801E81B0035BD62 /* learn_coredata_todolist.xcdatamodel */,
			);
			currentVersion = 1111929C2801E81B0035BD62 /* learn_coredata_todolist.xcdatamodel */;
			path = learn_coredata_todolist.xcdatamodeld;
			sourceTree = "<group>";
			versionGroupType = wrapper.xcdatamodel;
		};
/* End XCVersionGroup section */
	};
	rootObject = 111192872801E81B0035BD62 /* Project object */;
}
